github.com/blackhat-go/bhg v0.0.0-20200514061552-5b00835b4a24 h1:3oindU+Ra2U1HLIpK/R3e2DpLHZPHghmLg/tebAXtLk=
github.com/blackhat-go/bhg v0.0.0-20200514061552-5b00835b4a24/go.mod h1:a42vHEya65PkqV3t+1Q0BLcL8QzkYaMPkK/duoDFV4c=
github.com/rainer37/go-fun v0.0.0-20200715081207-18ebfb8cdae6 h1:twuF4spi4plSxC/1NPiQdrr8I1OVTMkrVcA41aFk6wM=
github.com/rainer37/go-fun v0.0.0-20200715081207-18ebfb8cdae6/go.mod h1:H61BvPyA98780ixQ+CJJ2UZjOCJ1J05G7kDxW6alqDo=
